
Microsoft Visual Studio Solution File, Format Version 12.00
# Visual Studio Version 16
VisualStudioVersion = 16.0.31019.35
MinimumVisualStudioVersion = 10.0.40219.1
Project("{FAE04EC0-301F-11D3-BF4B-00C04F79EFBC}") = "Repaso2", "Repaso2\Repaso2.csproj", "{F63D6B6A-5659-4A24-A884-2E06246F81F3}"
EndProject
Global
	GlobalSection(SolutionConfigurationPlatforms) = preSolution
		Debug|Any CPU = Debug|Any CPU
		Release|Any CPU = Release|Any CPU
	EndGlobalSection
	GlobalSection(ProjectConfigurationPlatforms) = postSolution
		{F63D6B6A-5659-4A24-A884-2E06246F81F3}.Debug|Any CPU.ActiveCfg = Debug|Any CPU
		{F63D6B6A-5659-4A24-A884-2E06246F81F3}.Debug|Any CPU.Build.0 = Debug|Any CPU
		{F63D6B6A-5659-4A24-A884-2E06246F81F3}.Release|Any CPU.ActiveCfg = Release|Any CPU
		{F63D6B6A-5659-4A24-A884-2E06246F81F3}.Release|Any CPU.Build.0 = Release|Any CPU
	EndGlobalSection
	GlobalSection(SolutionProperties) = preSolution
		HideSolutionNode = FALSE
	EndGlobalSection
	GlobalSection(ExtensibilityGlobals) = postSolution
		SolutionGuid = {A91D4BDC-2195-4B85-A5C2-07CC71D24AF9}
	EndGlobalSection
EndGlobal
